
Microsoft Visual Studio Solution File, Format Version 12.00
# Visual Studio Version 16
VisualStudioVersion = 16.0.31729.503
MinimumVisualStudioVersion = 10.0.40219.1
Project("{FAE04EC0-301F-11D3-BF4B-00C04F79EFBC}") = "mainproject", "mainproject\mainproject.csproj", "{38133FD5-7A42-4753-AA1C-46F000C1A105}"
EndProject
Global
	GlobalSection(SolutionConfigurationPlatforms) = preSolution
		Debug|Any CPU = Debug|Any CPU
		Release|Any CPU = Release|Any CPU
	EndGlobalSection
	GlobalSection(ProjectConfigurationPlatforms) = postSolution
		{38133FD5-7A42-4753-AA1C-46F000C1A105}.Debug|Any CPU.ActiveCfg = Debug|Any CPU
		{38133FD5-7A42-4753-AA1C-46F000C1A105}.Debug|Any CPU.Build.0 = Debug|Any CPU
		{38133FD5-7A42-4753-AA1C-46F000C1A105}.Release|Any CPU.ActiveCfg = Release|Any CPU
		{38133FD5-7A42-4753-AA1C-46F000C1A105}.Release|Any CPU.Build.0 = Release|Any CPU
	EndGlobalSection
	GlobalSection(SolutionProperties) = preSolution
		HideSolutionNode = FALSE
	EndGlobalSection
	GlobalSection(ExtensibilityGlobals) = postSolution
		SolutionGuid = {54C3AC41-77EF-4067-9728-A8B5BB038610}
	EndGlobalSection
EndGlobal
